<Solution>
  <Project Path="GLMS.API.Tests/GLMS.API.Tests.csproj" Id="c4fc0b5e-c7ec-41d7-822e-3c92d6c8c4e3" />
  <Project Path="GLMS.API/GLMS.API.csproj" Id="b80f7d09-3c09-4be5-a568-6634bb93d11d" />
  <Project Path="WebApplication.Tests/WebApplication.Tests.csproj" Id="2e5b9d45-2036-41b1-b253-2350d043bee2" />
  <Project Path="WebApplication/WebApplication.csproj" />
</Solution>
